lockfileVersion: 5.4

specifiers:
  next: ^13.2.1
  typescript: ^4.9.5

devDependencies:
  next: 13.2.1
  typescript: 4.9.5

packages:

  /@next/env/13.2.1:
    resolution: {integrity: sha512-Hq+6QZ6kgmloCg8Kgrix+4F0HtvLqVK3FZAnlAoS0eonaDemHe1Km4kwjSWRE3JNpJNcKxFHF+jsZrYo0SxWoQ==}
    dev: true

  /@next/swc-android-arm-eabi/13.2.1:
    resolution: {integrity: sha512-Yua7mUpEd1wzIT6Jjl3dpRizIfGp9NR4F2xeRuQv+ae+SDI1Em2WyM9m46UL+oeW5GpMiEHoaBagr47RScZFmQ==}
    engines: {node: '>= 10'}
    cpu: [arm]
    os: [android]
    requiresBuild: true
    dev: true
    optional: true

  /@next/swc-android-arm64/13.2.1:
    resolution: {integrity: sha512-Bifcr2f6VwInOdq1uH/9lp8fH7Nf7XGkIx4XceVd32LPJqG2c6FZU8ZRBvTdhxzXVpt5TPtuXhOP4Ij9UPqsVw==}
    engines: {node: '>= 10'}
    cpu: [arm64]
    os: [android]
    requiresBuild: true
    dev: true
    optional: true

  /@next/swc-darwin-arm64/13.2.1:
    resolution: {integrity: sha512-gvqm+fGMYxAkwBapH0Vvng5yrb6HTkIvZfY4oEdwwYrwuLdkjqnJygCMgpNqIFmAHSXgtlWxfYv1VC8sjN81Kw==}
    engines: {node: '>= 10'}
    cpu: [arm64]
    os: [darwin]
    requiresBuild: true
    dev: true
    optional: true

  /@next/swc-darwin-x64/13.2.1:
    resolution: {integrity: sha512-HGqVqmaZWj6zomqOZUVbO5NhlABL0iIaxTmd0O5B0MoMa5zpDGoaHSG+fxgcWMXcGcxmUNchv1NfNOYiTKoHOg==}
    engines: {node: '>= 10'}
    cpu: [x64]
    os: [darwin]
    requiresBuild: true
    dev: true
    optional: true

  /@next/swc-freebsd-x64/13.2.1:
    resolution: {integrity: sha512-N/a4JarAq+E+g+9K2ywJUmDIgU2xs2nA+BBldH0oq4zYJMRiUhL0iaN9G4e72VmGOJ61L/3W6VN8RIUOwTLoqQ==}
    engines: {node: '>= 10'}
    cpu: [x64]
    os: [freebsd]
    requiresBuild: true
    dev: true
    optional: true

  /@next/swc-linux-arm-gnueabihf/13.2.1:
    resolution: {integrity: sha512-WaFoerF/eRbhbE57TaIGJXbQAERADZ/RZ45u6qox9beb5xnWsyYgzX+WuN7Tkhyvga0/aMuVYFzS9CEay7D+bw==}
    engines: {node: '>= 10'}
    cpu: [arm]
    os: [linux]
    requiresBuild: true
    dev: true
    optional: true

  /@next/swc-linux-arm64-gnu/13.2.1:
    resolution: {integrity: sha512-R+Jhc1/RJTnncE9fkePboHDNOCm1WJ8daanWbjKhfPySMyeniKYRwGn5SLYW3S8YlRS0QVdZaaszDSZWgUcsmA==}
    engines: {node: '>= 10'}
    cpu: [arm64]
    os: [linux]
    requiresBuild: true
    dev: true
    optional: true

  /@next/swc-linux-arm64-musl/13.2.1:
    resolution: {integrity: sha512-oI1UfZPidGAVddlL2eOTmfsuKV9EaT1aktIzVIxIAgxzQSdwsV371gU3G55ggkurzfdlgF3GThFePDWF0d8dmw==}
    engines: {node: '>= 10'}
    cpu: [arm64]
    os: [linux]
    requiresBuild: true
    dev: true
    optional: true

  /@next/swc-linux-x64-gnu/13.2.1:
    resolution: {integrity: sha512-PCygPwrQmS+7WUuAWWioWMZCzZm4PG91lfRxToLDg7yIm/3YfAw5N2EK2TaM9pzlWdvHQAqRMX/oLvv027xUiA==}
    engines: {node: '>= 10'}
    cpu: [x64]
    os: [linux]
    requiresBuild: true
    dev: true
    optional: true

  /@next/swc-linux-x64-musl/13.2.1:
    resolution: {integrity: sha512-sUAKxo7CFZYGHNxheGh9nIBElLYBM6md/liEGfOTwh/xna4/GTTcmkGWkF7PdnvaYNgcPIQgHIMYiAa6yBKAVw==}
    engines: {node: '>= 10'}
    cpu: [x64]
    os: [linux]
    requiresBuild: true
    dev: true
    optional: true

  /@next/swc-win32-arm64-msvc/13.2.1:
    resolution: {integrity: sha512-qDmyEjDBpl/vBXxuOOKKWmPQOcARcZIMach1s7kjzaien0SySut/PHRlj56sosa81Wt4hTGhfhZ1R7g1n7+B8w==}
    engines: {node: '>= 10'}
    cpu: [arm64]
    os: [win32]
    requiresBuild: true
    dev: true
    optional: true

  /@next/swc-win32-ia32-msvc/13.2.1:
    resolution: {integrity: sha512-2joqFQ81ZYPg6DcikIzQn3DgjKglNhPAozx6dL5sCNkr1CPMD0YIkJgT3CnYyMHQ04Qi3Npv0XX3MD6LJO8OCA==}
    engines: {node: '>= 10'}
    cpu: [ia32]
    os: [win32]
    requiresBuild: true
    dev: true
    optional: true

  /@next/swc-win32-x64-msvc/13.2.1:
    resolution: {integrity: sha512-r3+0fSaIZT6N237iMzwUhfNwjhAFvXjqB+4iuW+wcpxW+LHm1g/IoxN8eSRcb8jPItC86JxjAxpke0QL97qd6g==}
    engines: {node: '>= 10'}
    cpu: [x64]
    os: [win32]
    requiresBuild: true
    dev: true
    optional: true

  /@swc/helpers/0.4.14:
    resolution: {integrity: sha512-4C7nX/dvpzB7za4Ql9K81xK3HPxCpHMgwTZVyf+9JQ6VUbn9jjZVN7/Nkdz/Ugzs2CSjqnL/UPXroiVBVHUWUw==}
    dependencies:
      tslib: 2.5.0
    dev: true

  /caniuse-lite/1.0.30001458:
    resolution: {integrity: sha512-lQ1VlUUq5q9ro9X+5gOEyH7i3vm+AYVT1WDCVB69XOZ17KZRhnZ9J0Sqz7wTHQaLBJccNCHq8/Ww5LlOIZbB0w==}
    dev: true

  /client-only/0.0.1:
    resolution: {integrity: sha512-IV3Ou0jSMzZrd3pZ48nLkT9DA7Ag1pnPzaiQhpW7c3RbcqqzvzzVu+L8gfqMp/8IM2MQtSiqaCxrrcfu8I8rMA==}
    dev: true

  /nanoid/3.3.4:
    resolution: {integrity: sha512-MqBkQh/OHTS2egovRtLk45wEyNXwF+cokD+1YPf9u5VfJiRdAiRwB2froX5Co9Rh20xs4siNPm8naNotSD6RBw==}
    engines: {node: ^10 || ^12 || ^13.7 || ^14 || >=15.0.1}
    hasBin: true
    dev: true

  /next/13.2.1:
    resolution: {integrity: sha512-qhgJlDtG0xidNViJUPeQHLGJJoT4zDj/El7fP3D3OzpxJDUfxsm16cK4WTMyvSX1ciIfAq05u+0HqFAa+VJ+Hg==}
    engines: {node: '>=14.6.0'}
    hasBin: true
    peerDependencies:
      '@opentelemetry/api': ^1.4.0
      fibers: '>= 3.1.0'
      node-sass: ^6.0.0 || ^7.0.0
      react: ^18.2.0
      react-dom: ^18.2.0
      sass: ^1.3.0
    peerDependenciesMeta:
      '@opentelemetry/api':
        optional: true
      fibers:
        optional: true
      node-sass:
        optional: true
      sass:
        optional: true
    dependencies:
      '@next/env': 13.2.1
      '@swc/helpers': 0.4.14
      caniuse-lite: 1.0.30001458
      postcss: 8.4.14
      styled-jsx: 5.1.1
    optionalDependencies:
      '@next/swc-android-arm-eabi': 13.2.1
      '@next/swc-android-arm64': 13.2.1
      '@next/swc-darwin-arm64': 13.2.1
      '@next/swc-darwin-x64': 13.2.1
      '@next/swc-freebsd-x64': 13.2.1
      '@next/swc-linux-arm-gnueabihf': 13.2.1
      '@next/swc-linux-arm64-gnu': 13.2.1
      '@next/swc-linux-arm64-musl': 13.2.1
      '@next/swc-linux-x64-gnu': 13.2.1
      '@next/swc-linux-x64-musl': 13.2.1
      '@next/swc-win32-arm64-msvc': 13.2.1
      '@next/swc-win32-ia32-msvc': 13.2.1
      '@next/swc-win32-x64-msvc': 13.2.1
    transitivePeerDependencies:
      - '@babel/core'
      - babel-plugin-macros
    dev: true

  /picocolors/1.0.0:
    resolution: {integrity: sha512-1fygroTLlHu66zi26VoTDv8yRgm0Fccecssto+MhsZ0D/DGW2sm8E8AjW7NU5VVTRt5GxbeZ5qBuJr+HyLYkjQ==}
    dev: true

  /postcss/8.4.14:
    resolution: {integrity: sha512-E398TUmfAYFPBSdzgeieK2Y1+1cpdxJx8yXbK/m57nRhKSmk1GB2tO4lbLBtlkfPQTDKfe4Xqv1ASWPpayPEig==}
    engines: {node: ^10 || ^12 || >=14}
    dependencies:
      nanoid: 3.3.4
      picocolors: 1.0.0
      source-map-js: 1.0.2
    dev: true

  /source-map-js/1.0.2:
    resolution: {integrity: sha512-R0XvVJ9WusLiqTCEiGCmICCMplcCkIwwR11mOSD9CR5u+IXYdiseeEuXCVAjS54zqwkLcPNnmU4OeJ6tUrWhDw==}
    engines: {node: '>=0.10.0'}
    dev: true

  /styled-jsx/5.1.1:
    resolution: {integrity: sha512-pW7uC1l4mBZ8ugbiZrcIsiIvVx1UmTfw7UkC3Um2tmfUq9Bhk8IiyEIPl6F8agHgjzku6j0xQEZbfA5uSgSaCw==}
    engines: {node: '>= 12.0.0'}
    peerDependencies:
      '@babel/core': '*'
      babel-plugin-macros: '*'
      react: '>= 16.8.0 || 17.x.x || ^18.0.0-0'
    peerDependenciesMeta:
      '@babel/core':
        optional: true
      babel-plugin-macros:
        optional: true
    dependencies:
      client-only: 0.0.1
    dev: true

  /tslib/2.5.0:
    resolution: {integrity: sha512-336iVw3rtn2BUK7ORdIAHTyxHGRIHVReokCR3XjbckJMK7ms8FysBfhLR8IXnAgy7T0PTPNBWKiH514FOW/WSg==}
    dev: true

  /typescript/4.9.5:
    resolution: {integrity: sha512-1FXk9E2Hm+QzZQ7z+McJiHL4NW1F2EzMu9Nq9i3zAaGqibafqYwCVU6WyWAuyQRRzOlxou8xZSyXLEN8oKj24g==}
    engines: {node: '>=4.2.0'}
    hasBin: true
    dev: true
